// !$*UTF8*$!
{
	archiveVersion = 1;
	classes = {
	};
	objectVersion = 50;
	objects = {

/* Begin PBXBuildFile section */
		97A672DB246EB67B0030E7C2 /* AppDelegate.swift in Sources */ = {isa = PBXBuildFile; fileRef = 97A672DA246EB67B0030E7C2 /* AppDelegate.swift */; };
		97A672DD246EB67B0030E7C2 /* SceneDelegate.swift in Sources */ = {isa = PBXBuildFile; fileRef = 97A672DC246EB67B0030E7C2 /* SceneDelegate.swift */; };
		97A672E2246EB67B0030E7C2 /* Main.storyboard in Resources */ = {isa = PBXBuildFile; fileRef = 97A672E0246EB67B0030E7C2 /* Main.storyboard */; };
		97A672E4246EB67C0030E7C2 /* Assets.xcassets in Resources */ = {isa = PBXBuildFile; fileRef = 97A672E3246EB67C0030E7C2 /* Assets.xcassets */; };
		97A672E7246EB67C0030E7C2 /* LaunchScreen.storyboard in Resources */ = {isa = PBXBuildFile; fileRef = 97A672E5246EB67C0030E7C2 /* LaunchScreen.storyboard */; };
		97D39EDB246F2E5E00DC4C2B /* UserModel.swift in Sources */ = {isa = PBXBuildFile; fileRef = 97D39EDA246F2E5E00DC4C2B /* UserModel.swift */; };
		97D39EDE246F32E600DC4C2B /* UsersViewController.swift in Sources */ = {isa = PBXBuildFile; fileRef = 97D39EDD246F32E600DC4C2B /* UsersViewController.swift */; };
		97D39EE1246F33A500DC4C2B /* ListViewController.swift in Sources */ = {isa = PBXBuildFile; fileRef = 97D39EDF246F33A500DC4C2B /* ListViewController.swift */; };
		97D39EE2246F33A500DC4C2B /* ListViewController.xib in Resources */ = {isa = PBXBuildFile; fileRef = 97D39EE0246F33A500DC4C2B /* ListViewController.xib */; };
		97D39EE6246F33DB00DC4C2B /* GridViewController.swift in Sources */ = {isa = PBXBuildFile; fileRef = 97D39EE4246F33DB00DC4C2B /* GridViewController.swift */; };
		97D39EE7246F33DB00DC4C2B /* GridViewController.xib in Resources */ = {isa = PBXBuildFile; fileRef = 97D39EE5246F33DB00DC4C2B /* GridViewController.xib */; };
		97D39EEF246F34D500DC4C2B /* UsersTableViewCell.swift in Sources */ = {isa = PBXBuildFile; fileRef = 97D39EED246F34D500DC4C2B /* UsersTableViewCell.swift */; };
		97D39EF0246F34D500DC4C2B /* UsersTableViewCell.xib in Resources */ = {isa = PBXBuildFile; fileRef = 97D39EEE246F34D500DC4C2B /* UsersTableViewCell.xib */; };
		97D39EF4246F350500DC4C2B /* UsersCollectionViewCell.swift in Sources */ = {isa = PBXBuildFile; fileRef = 97D39EF2246F350500DC4C2B /* UsersCollectionViewCell.swift */; };
		97D39EF5246F350500DC4C2B /* UsersCollectionViewCell.xib in Resources */ = {isa = PBXBuildFile; fileRef = 97D39EF3246F350500DC4C2B /* UsersCollectionViewCell.xib */; };
		97D39EF8246F363000DC4C2B /* UserDetailedInfoViewController.swift in Sources */ = {isa = PBXBuildFile; fileRef = 97D39EF7246F363000DC4C2B /* UserDetailedInfoViewController.swift */; };
/* End PBXBuildFile section */

/* Begin PBXFileReference section */
		97A672D7246EB67B0030E7C2 /* usersapp.app */ = {isa = PBXFileReference; explicitFileType = wrapper.application; includeInIndex = 0; path = usersapp.app; sourceTree = BUILT_PRODUCTS_DIR; };
		97A672DA246EB67B0030E7C2 /* AppDelegate.swift */ = {isa = PBXFileReference; lastKnownFileType = sourcecode.swift; path = AppDelegate.swift; sourceTree = "<group>"; };
		97A672DC246EB67B0030E7C2 /* SceneDelegate.swift */ = {isa = PBXFileReference; lastKnownFileType = sourcecode.swift; path = SceneDelegate.swift; sourceTree = "<group>"; };
		97A672E1246EB67B0030E7C2 /* Base */ = {isa = PBXFileReference; lastKnownFileType = file.storyboard; name = Base; path = Base.lproj/Main.storyboard; sourceTree = "<group>"; };
		97A672E3246EB67C0030E7C2 /* Assets.xcassets */ = {isa = PBXFileReference; lastKnownFileType = folder.assetcatalog; path = Assets.xcassets; sourceTree = "<group>"; };
		97A672E6246EB67C0030E7C2 /* Base */ = {isa = PBXFileReference; lastKnownFileType = file.storyboard; name = Base; path = Base.lproj/LaunchScreen.storyboard; sourceTree = "<group>"; };
		97A672E8246EB67C0030E7C2 /* Info.plist */ = {isa = PBXFileReference; lastKnownFileType = text.plist.xml; path = Info.plist; sourceTree = "<group>"; };
		97D39EDA246F2E5E00DC4C2B /* UserModel.swift */ = {isa = PBXFileReference; lastKnownFileType = sourcecode.swift; path = UserModel.swift; sourceTree = "<group>"; };
		97D39EDD246F32E600DC4C2B /* UsersViewController.swift */ = {isa = PBXFileReference; lastKnownFileType = sourcecode.swift; path = UsersViewController.swift; sourceTree = "<group>"; };
		97D39EDF246F33A500DC4C2B /* ListViewController.swift */ = {isa = PBXFileReference; lastKnownFileType = sourcecode.swift; path = ListViewController.swift; sourceTree = "<group>"; };
		97D39EE0246F33A500DC4C2B /* ListViewController.xib */ = {isa = PBXFileReference; lastKnownFileType = file.xib; path = ListViewController.xib; sourceTree = "<group>"; };
		97D39EE4246F33DB00DC4C2B /* GridViewController.swift */ = {isa = PBXFileReference; lastKnownFileType = sourcecode.swift; path = GridViewController.swift; sourceTree = "<group>"; };
		97D39EE5246F33DB00DC4C2B /* GridViewController.xib */ = {isa = PBXFileReference; lastKnownFileType = file.xib; path = GridViewController.xib; sourceTree = "<group>"; };
		97D39EED246F34D500DC4C2B /* UsersTableViewCell.swift */ = {isa = PBXFileReference; lastKnownFileType = sourcecode.swift; path = UsersTableViewCell.swift; sourceTree = "<group>"; };
		97D39EEE246F34D500DC4C2B /* UsersTableViewCell.xib */ = {isa = PBXFileReference; lastKnownFileType = file.xib; path = UsersTableViewCell.xib; sourceTree = "<group>"; };
		97D39EF2246F350500DC4C2B /* UsersCollectionViewCell.swift */ = {isa = PBXFileReference; lastKnownFileType = sourcecode.swift; path = UsersCollectionViewCell.swift; sourceTree = "<group>"; };
		97D39EF3246F350500DC4C2B /* UsersCollectionViewCell.xib */ = {isa = PBXFileReference; lastKnownFileType = file.xib; path = UsersCollectionViewCell.xib; sourceTree = "<group>"; };
		97D39EF7246F363000DC4C2B /* UserDetailedInfoViewController.swift */ = {isa = PBXFileReference; lastKnownFileType = sourcecode.swift; path = UserDetailedInfoViewController.swift; sourceTree = "<group>"; };
/* End PBXFileReference section */

/* Begin PBXFrameworksBuildPhase section */
		97A672D4246EB67B0030E7C2 /* Frameworks */ = {
			isa = PBXFrameworksBuildPhase;
			buildActionMask = 2147483647;
			files = (
			);
			runOnlyForDeploymentPostprocessing = 0;
		};
/* End PBXFrameworksBuildPhase section */

/* Begin PBXGroup section */
		97A672CE246EB67B0030E7C2 = {
			isa = PBXGroup;
			children = (
				97A672D9246EB67B0030E7C2 /* usersapp */,
				97A672D8246EB67B0030E7C2 /* Products */,
			);
			sourceTree = "<group>";
		};
		97A672D8246EB67B0030E7C2 /* Products */ = {
			isa = PBXGroup;
			children = (
				97A672D7246EB67B0030E7C2 /* usersapp.app */,
			);
			name = Products;
			sourceTree = "<group>";
		};
		97A672D9246EB67B0030E7C2 /* usersapp */ = {
			isa = PBXGroup;
			children = (
				97A672DA246EB67B0030E7C2 /* AppDelegate.swift */,
				97A672DC246EB67B0030E7C2 /* SceneDelegate.swift */,
				97D39EDC246F2E6400DC4C2B /* UserModel */,
				97D39EF9246F363900DC4C2B /* UsersControllers */,
				97D39EE3246F33B200DC4C2B /* ListController */,
				97D39EE8246F33E400DC4C2B /* GridController */,
				97A672E0246EB67B0030E7C2 /* Main.storyboard */,
				97A672E3246EB67C0030E7C2 /* Assets.xcassets */,
				97A672E5246EB67C0030E7C2 /* LaunchScreen.storyboard */,
				97A672E8246EB67C0030E7C2 /* Info.plist */,
			);
			path = usersapp;
			sourceTree = "<group>";
		};
		97D39EDC246F2E6400DC4C2B /* UserModel */ = {
			isa = PBXGroup;
			children = (
				97D39EDA246F2E5E00DC4C2B /* UserModel.swift */,
			);
			path = UserModel;
			sourceTree = "<group>";
		};
		97D39EE3246F33B200DC4C2B /* ListController */ = {
			isa = PBXGroup;
			children = (
				97D39EDF246F33A500DC4C2B /* ListViewController.swift */,
				97D39EE0246F33A500DC4C2B /* ListViewController.xib */,
				97D39EF1246F34D800DC4C2B /* UsersCell */,
			);
			path = ListController;
			sourceTree = "<group>";
		};
		97D39EE8246F33E400DC4C2B /* GridController */ = {
			isa = PBXGroup;
			children = (
				97D39EE4246F33DB00DC4C2B /* GridViewController.swift */,
				97D39EE5246F33DB00DC4C2B /* GridViewController.xib */,
				97D39EF6246F350800DC4C2B /* UsersCell */,
			);
			path = GridController;
			sourceTree = "<group>";
		};
		97D39EF1246F34D800DC4C2B /* UsersCell */ = {
			isa = PBXGroup;
			children = (
				97D39EED246F34D500DC4C2B /* UsersTableViewCell.swift */,
				97D39EEE246F34D500DC4C2B /* UsersTableViewCell.xib */,
			);
			path = UsersCell;
			sourceTree = "<group>";
		};
		97D39EF6246F350800DC4C2B /* UsersCell */ = {
			isa = PBXGroup;
			children = (
				97D39EF2246F350500DC4C2B /* UsersCollectionViewCell.swift */,
				97D39EF3246F350500DC4C2B /* UsersCollectionViewCell.xib */,
			);
			path = UsersCell;
			sourceTree = "<group>";
		};
		97D39EF9246F363900DC4C2B /* UsersControllers */ = {
			isa = PBXGroup;
			children = (
				97D39EDD246F32E600DC4C2B /* UsersViewController.swift */,
				97D39EF7246F363000DC4C2B /* UserDetailedInfoViewController.swift */,
			);
			path = UsersControllers;
			sourceTree = "<group>";
		};
/* End PBXGroup section */

/* Begin PBXNativeTarget section */
		97A672D6246EB67B0030E7C2 /* usersapp */ = {
			isa = PBXNativeTarget;
			buildConfigurationList = 97A672EB246EB67C0030E7C2 /* Build configuration list for PBXNativeTarget "usersapp" */;
			buildPhases = (
				97A672D3246EB67B0030E7C2 /* Sources */,
				97A672D4246EB67B0030E7C2 /* Frameworks */,
				97A672D5246EB67B0030E7C2 /* Resources */,
			);
			buildRules = (
			);
			dependencies = (
			);
			name = usersapp;
			productName = usersapp;
			productReference = 97A672D7246EB67B0030E7C2 /* usersapp.app */;
			productType = "com.apple.product-type.application";
		};
/* End PBXNativeTarget section */

/* Begin PBXProject section */
		97A672CF246EB67B0030E7C2 /* Project object */ = {
			isa = PBXProject;
			attributes = {
				LastSwiftUpdateCheck = 1140;
				LastUpgradeCheck = 1140;
				ORGANIZATIONNAME = "alexey sorochan";
				TargetAttributes = {
					97A672D6246EB67B0030E7C2 = {
						CreatedOnToolsVersion = 11.4.1;
					};
				};
			};
			buildConfigurationList = 97A672D2246EB67B0030E7C2 /* Build configuration list for PBXProject "usersapp" */;
			compatibilityVersion = "Xcode 9.3";
			developmentRegion = en;
			hasScannedForEncodings = 0;
			knownRegions = (
				en,
				Base,
			);
			mainGroup = 97A672CE246EB67B0030E7C2;
			productRefGroup = 97A672D8246EB67B0030E7C2 /* Products */;
			projectDirPath = "";
			projectRoot = "";
			targets = (
				97A672D6246EB67B0030E7C2 /* usersapp */,
			);
		};
/* End PBXProject section */

/* Begin PBXResourcesBuildPhase section */
		97A672D5246EB67B0030E7C2 /* Resources */ = {
			isa = PBXResourcesBuildPhase;
			buildActionMask = 2147483647;
			files = (
				97D39EE7246F33DB00DC4C2B /* GridViewController.xib in Resources */,
				97A672E7246EB67C0030E7C2 /* LaunchScreen.storyboard in Resources */,
				97D39EF0246F34D500DC4C2B /* UsersTableViewCell.xib in Resources */,
				97D39EF5246F350500DC4C2B /* UsersCollectionViewCell.xib in Resources */,
				97A672E4246EB67C0030E7C2 /* Assets.xcassets in Resources */,
				97D39EE2246F33A500DC4C2B /* ListViewController.xib in Resources */,
				97A672E2246EB67B0030E7C2 /* Main.storyboard in Resources */,
			);
			runOnlyForDeploymentPostprocessing = 0;
		};
/* End PBXResourcesBuildPhase section */

/* Begin PBXSourcesBuildPhase section */
		97A672D3246EB67B0030E7C2 /* Sources */ = {
			isa = PBXSourcesBuildPhase;
			buildActionMask = 2147483647;
			files = (
				97A672DB246EB67B0030E7C2 /* AppDelegate.swift in Sources */,
				97D39EF8246F363000DC4C2B /* UserDetailedInfoViewController.swift in Sources */,
				97D39EF4246F350500DC4C2B /* UsersCollectionViewCell.swift in Sources */,
				97D39EE1246F33A500DC4C2B /* ListViewController.swift in Sources */,
				97D39EE6246F33DB00DC4C2B /* GridViewController.swift in Sources */,
				97D39EEF246F34D500DC4C2B /* UsersTableViewCell.swift in Sources */,
				97D39EDE246F32E600DC4C2B /* UsersViewController.swift in Sources */,
				97D39EDB246F2E5E00DC4C2B /* UserModel.swift in Sources */,
				97A672DD246EB67B0030E7C2 /* SceneDelegate.swift in Sources */,
			);
			runOnlyForDeploymentPostprocessing = 0;
		};
/* End PBXSourcesBuildPhase section */

/* Begin PBXVariantGroup section */
		97A672E0246EB67B0030E7C2 /* Main.storyboard */ = {
			isa = PBXVariantGroup;
			children = (
				97A672E1246EB67B0030E7C2 /* Base */,
			);
			name = Main.storyboard;
			sourceTree = "<group>";
		};
		97A672E5246EB67C0030E7C2 /* LaunchScreen.storyboard */ = {
			isa = PBXVariantGroup;
			children = (
				97A672E6246EB67C0030E7C2 /* Base */,
			);
			name = LaunchScreen.storyboard;
			sourceTree = "<group>";
		};
/* End PBXVariantGroup section */

/* Begin XCBuildConfiguration section */
		97A672E9246EB67C0030E7C2 /* Debug */ = {
			isa = XCBuildConfiguration;
			buildSettings = {
				ALWAYS_SEARCH_USER_PATHS = NO;
				CLANG_ANALYZER_NONNULL = YES;
				CLANG_ANALYZER_NUMBER_OBJECT_CONVERSION = YES_AGGRESSIVE;
				CLANG_CXX_LANGUAGE_STANDARD = "gnu++14";
				CLANG_CXX_LIBRARY = "libc++";
				CLANG_ENABLE_MODULES = YES;
				CLANG_ENABLE_OBJC_ARC = YES;
				CLANG_ENABLE_OBJC_WEAK = YES;
				CLANG_WARN_BLOCK_CAPTURE_AUTORELEASING = YES;
				CLANG_WARN_BOOL_CONVERSION = YES;
				CLANG_WARN_COMMA = YES;
				CLANG_WARN_CONSTANT_CONVERSION = YES;
				CLANG_WARN_DEPRECATED_OBJC_IMPLEMENTATIONS = YES;
				CLANG_WARN_DIRECT_OBJC_ISA_USAGE = YES_ERROR;
				CLANG_WARN_DOCUMENTATION_COMMENTS = YES;
				CLANG_WARN_EMPTY_BODY = YES;
				CLANG_WARN_ENUM_CONVERSION = YES;
				CLANG_WARN_INFINITE_RECURSION = YES;
				CLANG_WARN_INT_CONVERSION = YES;
				CLANG_WARN_NON_LITERAL_NULL_CONVERSION = YES;
				CLANG_WARN_OBJC_IMPLICIT_RETAIN_SELF = YES;
				CLANG_WARN_OBJC_LITERAL_CONVERSION = YES;
				CLANG_WARN_OBJC_ROOT_CLASS = YES_ERROR;
				CLANG_WARN_RANGE_LOOP_ANALYSIS = YES;
				CLANG_WARN_STRICT_PROTOTYPES = YES;
				CLANG_WARN_SUSPICIOUS_MOVE = YES;
				CLANG_WARN_UNGUARDED_AVAILABILITY = YES_AGGRESSIVE;
				CLANG_WARN_UNREACHABLE_CODE = YES;
				CLANG_WARN__DUPLICATE_METHOD_MATCH = YES;
				COPY_PHASE_STRIP = NO;
				DEBUG_INFORMATION_FORMAT = dwarf;
				ENABLE_STRICT_OBJC_MSGSEND = YES;
				ENABLE_TESTABILITY = YES;
				GCC_C_LANGUAGE_STANDARD = gnu11;
				GCC_DYNAMIC_NO_PIC = NO;
				GCC_NO_COMMON_BLOCKS = YES;
				GCC_OPTIMIZATION_LEVEL = 0;
				GCC_PREPROCESSOR_DEFINITIONS = (
					"DEBUG=1",
					"$(inherited)",
				);
				GCC_WARN_64_TO_32_BIT_CONVERSION = YES;
				GCC_WARN_ABOUT_RETURN_TYPE = YES_ERROR;
				GCC_WARN_UNDECLARED_SELECTOR = YES;
				GCC_WARN_UNINITIALIZED_AUTOS = YES_AGGRESSIVE;
				GCC_WARN_UNUSED_FUNCTION = YES;
				GCC_WARN_UNUSED_VARIABLE = YES;
				IPHONEOS_DEPLOYMENT_TARGET = 13.4;
				MTL_ENABLE_DEBUG_INFO = INCLUDE_SOURCE;
				MTL_FAST_MATH = YES;
				ONLY_ACTIVE_ARCH = YES;
				SDKROOT = iphoneos;
				SWIFT_ACTIVE_COMPILATION_CONDITIONS = DEBUG;
				SWIFT_OPTIMIZATION_LEVEL = "-Onone";
			};
			name = Debug;
		};
		97A672EA246EB67C0030E7C2 /* Release */ = {
			isa = XCBuildConfiguration;
			buildSettings = {
				ALWAYS_SEARCH_USER_PATHS = NO;
				CLANG_ANALYZER_NONNULL = YES;
				CLANG_ANALYZER_NUMBER_OBJECT_CONVERSION = YES_AGGRESSIVE;
				CLANG_CXX_LANGUAGE_STANDARD = "gnu++14";
				CLANG_CXX_LIBRARY = "libc++";
				CLANG_ENABLE_MODULES = YES;
				CLANG_ENABLE_OBJC_ARC = YES;
				CLANG_ENABLE_OBJC_WEAK = YES;
				CLANG_WARN_BLOCK_CAPTURE_AUTORELEASING = YES;
				CLANG_WARN_BOOL_CONVERSION = YES;
				CLANG_WARN_COMMA = YES;
				CLANG_WARN_CONSTANT_CONVERSION = YES;
				CLANG_WARN_DEPRECATED_OBJC_IMPLEMENTATIONS = YES;
				CLANG_WARN_DIRECT_OBJC_ISA_USAGE = YES_ERROR;
				CLANG_WARN_DOCUMENTATION_COMMENTS = YES;
				CLANG_WARN_EMPTY_BODY = YES;
				CLANG_WARN_ENUM_CONVERSION = YES;
				CLANG_WARN_INFINITE_RECURSION = YES;
				CLANG_WARN_INT_CONVERSION = YES;
				CLANG_WARN_NON_LITERAL_NULL_CONVERSION = YES;
				CLANG_WARN_OBJC_IMPLICIT_RETAIN_SELF = YES;
				CLANG_WARN_OBJC_LITERAL_CONVERSION = YES;
				CLANG_WARN_OBJC_ROOT_CLASS = YES_ERROR;
				CLANG_WARN_RANGE_LOOP_ANALYSIS = YES;
				CLANG_WARN_STRICT_PROTOTYPES = YES;
				CLANG_WARN_SUSPICIOUS_MOVE = YES;
				CLANG_WARN_UNGUARDED_AVAILABILITY = YES_AGGRESSIVE;
				CLANG_WARN_UNREACHABLE_CODE = YES;
				CLANG_WARN__DUPLICATE_METHOD_MATCH = YES;
				COPY_PHASE_STRIP = NO;
				DEBUG_INFORMATION_FORMAT = "dwarf-with-dsym";
				ENABLE_NS_ASSERTIONS = NO;
				ENABLE_STRICT_OBJC_MSGSEND = YES;
				GCC_C_LANGUAGE_STANDARD = gnu11;
				GCC_NO_COMMON_BLOCKS = YES;
				GCC_WARN_64_TO_32_BIT_CONVERSION = YES;
				GCC_WARN_ABOUT_RETURN_TYPE = YES_ERROR;
				GCC_WARN_UNDECLARED_SELECTOR = YES;
				GCC_WARN_UNINITIALIZED_AUTOS = YES_AGGRESSIVE;
				GCC_WARN_UNUSED_FUNCTION = YES;
				GCC_WARN_UNUSED_VARIABLE = YES;
				IPHONEOS_DEPLOYMENT_TARGET = 13.4;
				MTL_ENABLE_DEBUG_INFO = NO;
				MTL_FAST_MATH = YES;
				SDKROOT = iphoneos;
				SWIFT_COMPILATION_MODE = wholemodule;
				SWIFT_OPTIMIZATION_LEVEL = "-O";
				VALIDATE_PRODUCT = YES;
			};
			name = Release;
		};
		97A672EC246EB67C0030E7C2 /* Debug */ = {
			isa = XCBuildConfiguration;
			buildSettings = {
				ASSETCATALOG_COMPILER_APPICON_NAME = AppIcon;
				CODE_SIGN_STYLE = Automatic;
				DEVELOPMENT_TEAM = NWX6LJCJ67;
				INFOPLIST_FILE = usersapp/Info.plist;
				LD_RUNPATH_SEARCH_PATHS = (
					"$(inherited)",
					"@executable_path/Frameworks",
				);
				PRODUCT_BUNDLE_IDENTIFIER = com.alexeysorochan.usersApp.usersapp;
				PRODUCT_NAME = "$(TARGET_NAME)";
				SWIFT_VERSION = 5.0;
				TARGETED_DEVICE_FAMILY = "1,2";
			};
			name = Debug;
		};
		97A672ED246EB67C0030E7C2 /* Release */ = {
			isa = XCBuildConfiguration;
			buildSettings = {
				ASSETCATALOG_COMPILER_APPICON_NAME = AppIcon;
				CODE_SIGN_STYLE = Automatic;
				DEVELOPMENT_TEAM = NWX6LJCJ67;
				INFOPLIST_FILE = usersapp/Info.plist;
				LD_RUNPATH_SEARCH_PATHS = (
					"$(inherited)",
					"@executable_path/Frameworks",
				);
				PRODUCT_BUNDLE_IDENTIFIER = com.alexeysorochan.usersApp.usersapp;
				PRODUCT_NAME = "$(TARGET_NAME)";
				SWIFT_VERSION = 5.0;
				TARGETED_DEVICE_FAMILY = "1,2";
			};
			name = Release;
		};
/* End XCBuildConfiguration section */

/* Begin XCConfigurationList section */
		97A672D2246EB67B0030E7C2 /* Build configuration list for PBXProject "usersapp" */ = {
			isa = XCConfigurationList;
			buildConfigurations = (
				97A672E9246EB67C0030E7C2 /* Debug */,
				97A672EA246EB67C0030E7C2 /* Release */,
			);
			defaultConfigurationIsVisible = 0;
			defaultConfigurationName = Release;
		};
		97A672EB246EB67C0030E7C2 /* Build configuration list for PBXNativeTarget "usersapp" */ = {
			isa = XCConfigurationList;
			buildConfigurations = (
				97A672EC246EB67C0030E7C2 /* Debug */,
				97A672ED246EB67C0030E7C2 /* Release */,
			);
			defaultConfigurationIsVisible = 0;
			defaultConfigurationName = Release;
		};
/* End XCConfigurationList section */
	};
	rootObject = 97A672CF246EB67B0030E7C2 /* Project object */;
}
